
Microsoft Visual Studio Solution File, Format Version 12.00
# Visual Studio Version 17
VisualStudioVersion = 17.0.31903.59
MinimumVisualStudioVersion = 10.0.40219.1
Project("{2150E333-8FDC-42A3-9474-1A3956D46DE8}") = "SRC", "SRC", "{827E0CD3-B72D-47B6-A68D-7590B98EB39B}"
EndProject
Project("{FAE04EC0-301F-11D3-BF4B-00C04F79EFBC}") = "FicMart.Infrastructure", "SRC\FicMart.Infrastructure\FicMart.Infrastructure.csproj", "{0420518B-4597-4153-91A3-48A24A105659}"
EndProject
Project("{FAE04EC0-301F-11D3-BF4B-00C04F79EFBC}") = "FicMart.Domain", "SRC\FicMart.Domain\FicMart.Domain.csproj", "{461D1CEB-544C-452A-9E05-C7E71E9F3A52}"
EndProject
Project("{FAE04EC0-301F-11D3-BF4B-00C04F79EFBC}") = "FicMart.Application", "SRC\FicMart.Application\FicMart.Application.csproj", "{09C53622-5A56-4607-ADCD-D0BF6CA440CC}"
EndProject
Project("{FAE04EC0-301F-11D3-BF4B-00C04F79EFBC}") = "FicMartPayment", "SRC\FicMartPayment\FicMartPayment.csproj", "{DCBE0B51-B5C2-4387-8631-0686B6D2957C}"
EndProject
Project("{2150E333-8FDC-42A3-9474-1A3956D46DE8}") = "Tests", "Tests", "{0AB3BF05-4346-4AA6-1389-037BE0695223}"
EndProject
Project("{FAE04EC0-301F-11D3-BF4B-00C04F79EFBC}") = "FicMartPayment.Test", "Tests\FicMartPayment.Test\FicMartPayment.Test.csproj", "{D72E4BB9-C099-4117-85DB-2832CBD9D530}"
EndProject
Global
	GlobalSection(SolutionConfigurationPlatforms) = preSolution
		Debug|Any CPU = Debug|Any CPU
		Debug|x64 = Debug|x64
		Debug|x86 = Debug|x86
		Release|Any CPU = Release|Any CPU
		Release|x64 = Release|x64
		Release|x86 = Release|x86
	EndGlobalSection
	GlobalSection(ProjectConfigurationPlatforms) = postSolution
		{0420518B-4597-4153-91A3-48A24A105659}.Debug|Any CPU.ActiveCfg = Debug|Any CPU
		{0420518B-4597-4153-91A3-48A24A105659}.Debug|Any CPU.Build.0 = Debug|Any CPU
		{0420518B-4597-4153-91A3-48A24A105659}.Debug|x64.ActiveCfg = Debug|Any CPU
		{0420518B-4597-4153-91A3-48A24A105659}.Debug|x64.Build.0 = Debug|Any CPU
		{0420518B-4597-4153-91A3-48A24A105659}.Debug|x86.ActiveCfg = Debug|Any CPU
		{0420518B-4597-4153-91A3-48A24A105659}.Debug|x86.Build.0 = Debug|Any CPU
		{0420518B-4597-4153-91A3-48A24A105659}.Release|Any CPU.ActiveCfg = Release|Any CPU
		{0420518B-4597-4153-91A3-48A24A105659}.Release|Any CPU.Build.0 = Release|Any CPU
		{0420518B-4597-4153-91A3-48A24A105659}.Release|x64.ActiveCfg = Release|Any CPU
		{0420518B-4597-4153-91A3-48A24A105659}.Release|x64.Build.0 = Release|Any CPU
		{0420518B-4597-4153-91A3-48A24A105659}.Release|x86.ActiveCfg = Release|Any CPU
		{0420518B-4597-4153-91A3-48A24A105659}.Release|x86.Build.0 = Release|Any CPU
		{461D1CEB-544C-452A-9E05-C7E71E9F3A52}.Debug|Any CPU.ActiveCfg = Debug|Any CPU
		{461D1CEB-544C-452A-9E05-C7E71E9F3A52}.Debug|Any CPU.Build.0 = Debug|Any CPU
		{461D1CEB-544C-452A-9E05-C7E71E9F3A52}.Debug|x64.ActiveCfg = Debug|Any CPU
		{461D1CEB-544C-452A-9E05-C7E71E9F3A52}.Debug|x64.Build.0 = Debug|Any CPU
		{461D1CEB-544C-452A-9E05-C7E71E9F3A52}.Debug|x86.ActiveCfg = Debug|Any CPU
		{461D1CEB-544C-452A-9E05-C7E71E9F3A52}.Debug|x86.Build.0 = Debug|Any CPU
		{461D1CEB-544C-452A-9E05-C7E71E9F3A52}.Release|Any CPU.ActiveCfg = Release|Any CPU
		{461D1CEB-544C-452A-9E05-C7E71E9F3A52}.Release|Any CPU.Build.0 = Release|Any CPU
		{461D1CEB-544C-452A-9E05-C7E71E9F3A52}.Release|x64.ActiveCfg = Release|Any CPU
		{461D1CEB-544C-452A-9E05-C7E71E9F3A52}.Release|x64.Build.0 = Release|Any CPU
		{461D1CEB-544C-452A-9E05-C7E71E9F3A52}.Release|x86.ActiveCfg = Release|Any CPU
		{461D1CEB-544C-452A-9E05-C7E71E9F3A52}.Release|x86.Build.0 = Release|Any CPU
		{09C53622-5A56-4607-ADCD-D0BF6CA440CC}.Debug|Any CPU.ActiveCfg = Debug|Any CPU
		{09C53622-5A56-4607-ADCD-D0BF6CA440CC}.Debug|Any CPU.Build.0 = Debug|Any CPU
		{09C53622-5A56-4607-ADCD-D0BF6CA440CC}.Debug|x64.ActiveCfg = Debug|Any CPU
		{09C53622-5A56-4607-ADCD-D0BF6CA440CC}.Debug|x64.Build.0 = Debug|Any CPU
		{09C53622-5A56-4607-ADCD-D0BF6CA440CC}.Debug|x86.ActiveCfg = Debug|Any CPU
		{09C53622-5A56-4607-ADCD-D0BF6CA440CC}.Debug|x86.Build.0 = Debug|Any CPU
		{09C53622-5A56-4607-ADCD-D0BF6CA440CC}.Release|Any CPU.ActiveCfg = Release|Any CPU
		{09C53622-5A56-4607-ADCD-D0BF6CA440CC}.Release|Any CPU.Build.0 = Release|Any CPU
		{09C53622-5A56-4607-ADCD-D0BF6CA440CC}.Release|x64.ActiveCfg = Release|Any CPU
		{09C53622-5A56-4607-ADCD-D0BF6CA440CC}.Release|x64.Build.0 = Release|Any CPU
		{09C53622-5A56-4607-ADCD-D0BF6CA440CC}.Release|x86.ActiveCfg = Release|Any CPU
		{09C53622-5A56-4607-ADCD-D0BF6CA440CC}.Release|x86.Build.0 = Release|Any CPU
		{DCBE0B51-B5C2-4387-8631-0686B6D2957C}.Debug|Any CPU.ActiveCfg = Debug|Any CPU
		{DCBE0B51-B5C2-4387-8631-0686B6D2957C}.Debug|Any CPU.Build.0 = Debug|Any CPU
		{DCBE0B51-B5C2-4387-8631-0686B6D2957C}.Debug|x64.ActiveCfg = Debug|Any CPU
		{DCBE0B51-B5C2-4387-8631-0686B6D2957C}.Debug|x64.Build.0 = Debug|Any CPU
		{DCBE0B51-B5C2-4387-8631-0686B6D2957C}.Debug|x86.ActiveCfg = Debug|Any CPU
		{DCBE0B51-B5C2-4387-8631-0686B6D2957C}.Debug|x86.Build.0 = Debug|Any CPU
		{DCBE0B51-B5C2-4387-8631-0686B6D2957C}.Release|Any CPU.ActiveCfg = Release|Any CPU
		{DCBE0B51-B5C2-4387-8631-0686B6D2957C}.Release|Any CPU.Build.0 = Release|Any CPU
		{DCBE0B51-B5C2-4387-8631-0686B6D2957C}.Release|x64.ActiveCfg = Release|Any CPU
		{DCBE0B51-B5C2-4387-8631-0686B6D2957C}.Release|x64.Build.0 = Release|Any CPU
		{DCBE0B51-B5C2-4387-8631-0686B6D2957C}.Release|x86.ActiveCfg = Release|Any CPU
		{DCBE0B51-B5C2-4387-8631-0686B6D2957C}.Release|x86.Build.0 = Release|Any CPU
		{D72E4BB9-C099-4117-85DB-2832CBD9D530}.Debug|Any CPU.ActiveCfg = Debug|Any CPU
		{D72E4BB9-C099-4117-85DB-2832CBD9D530}.Debug|Any CPU.Build.0 = Debug|Any CPU
		{D72E4BB9-C099-4117-85DB-2832CBD9D530}.Debug|x64.ActiveCfg = Debug|Any CPU
		{D72E4BB9-C099-4117-85DB-2832CBD9D530}.Debug|x64.Build.0 = Debug|Any CPU
		{D72E4BB9-C099-4117-85DB-2832CBD9D530}.Debug|x86.ActiveCfg = Debug|Any CPU
		{D72E4BB9-C099-4117-85DB-2832CBD9D530}.Debug|x86.Build.0 = Debug|Any CPU
		{D72E4BB9-C099-4117-85DB-2832CBD9D530}.Release|Any CPU.ActiveCfg = Release|Any CPU
		{D72E4BB9-C099-4117-85DB-2832CBD9D530}.Release|Any CPU.Build.0 = Release|Any CPU
		{D72E4BB9-C099-4117-85DB-2832CBD9D530}.Release|x64.ActiveCfg = Release|Any CPU
		{D72E4BB9-C099-4117-85DB-2832CBD9D530}.Release|x64.Build.0 = Release|Any CPU
		{D72E4BB9-C099-4117-85DB-2832CBD9D530}.Release|x86.ActiveCfg = Release|Any CPU
		{D72E4BB9-C099-4117-85DB-2832CBD9D530}.Release|x86.Build.0 = Release|Any CPU
	EndGlobalSection
	GlobalSection(SolutionProperties) = preSolution
		HideSolutionNode = FALSE
	EndGlobalSection
	GlobalSection(NestedProjects) = preSolution
		{0420518B-4597-4153-91A3-48A24A105659} = {827E0CD3-B72D-47B6-A68D-7590B98EB39B}
		{461D1CEB-544C-452A-9E05-C7E71E9F3A52} = {827E0CD3-B72D-47B6-A68D-7590B98EB39B}
		{09C53622-5A56-4607-ADCD-D0BF6CA440CC} = {827E0CD3-B72D-47B6-A68D-7590B98EB39B}
		{DCBE0B51-B5C2-4387-8631-0686B6D2957C} = {827E0CD3-B72D-47B6-A68D-7590B98EB39B}
		{D72E4BB9-C099-4117-85DB-2832CBD9D530} = {0AB3BF05-4346-4AA6-1389-037BE0695223}
	EndGlobalSection
EndGlobal
